PODS:
  - arcgis_flutter (0.0.1):
    - Flutter
  - Flutter (1.0.0)

DEPENDENCIES:
  - arcgis_flutter (from `Pods/.symlinks/plugins/arcgis_flutter/ios`)
  - Flutter (from `Pods/.symlinks/flutter/ios`)

EXTERNAL SOURCES:
  arcgis_flutter:
    :path: Pods/.symlinks/plugins/arcgis_flutter/ios
  Flutter:
    :path: Pods/.symlinks/flutter/ios

SPEC CHECKSUMS:
  arcgis_flutter: b3d11af9c4e9b90a4a3517ae9b1a0dcef2e4eef3
  Flutter: 9d0fac939486c9aba2809b7982dfdbb47a7b0296

PODFILE CHECKSUM: 13dcf421f4da2e937a57e8ba760ed880beae536f

COCOAPODS: 1.5.2
